// !$*UTF8*$!
{
	archiveVersion = 1;
	classes = {
	};
	objectVersion = 48;
	objects = {

/* Begin PBXContainerItemProxy section */
		D0B783F41F1C0BF200A34450 /* PBXContainerItemProxy */ = {
			isa = PBXContainerItemProxy;
			containerPortal = D0B783EE1F1C0BF200A34450 /* OklasoftNetworking.xcodeproj */;
			proxyType = 2;
			remoteGlobalIDString = D0ACEED91F05CD5E005C35B6;
			remoteInfo = OklasoftNetworking;
		};
		D0B783F61F1C0BF200A34450 /* PBXContainerItemProxy */ = {
			isa = PBXContainerItemProxy;
			containerPortal = D0B783EE1F1C0BF200A34450 /* OklasoftNetworking.xcodeproj */;
			proxyType = 2;
			remoteGlobalIDString = D0ACEEE21F05CD5E005C35B6;
			remoteInfo = OklasoftNetworkingTests;
		};
		D0B783FC1F1C0C0900A34450 /* PBXContainerItemProxy */ = {
			isa = PBXContainerItemProxy;
			containerPortal = D0B783F81F1C0C0900A34450 /* OklasoftError.xcodeproj */;
			proxyType = 2;
			remoteGlobalIDString = D05D3B431F0F20F30020627D;
			remoteInfo = OklasoftError;
		};
/* End PBXContainerItemProxy section */

/* Begin PBXFileReference section */
		D0B783E61F1C0BB100A34450 /* OklasoftCore.h */ = {isa = PBXFileReference; lastKnownFileType = sourcecode.c.h; path = OklasoftCore.h; sourceTree = "<group>"; };
		D0B783E71F1C0BB100A34450 /* Info.plist */ = {isa = PBXFileReference; lastKnownFileType = text.plist.xml; path = Info.plist; sourceTree = "<group>"; };
		D0B783EE1F1C0BF200A34450 /* OklasoftNetworking.xcodeproj */ = {isa = PBXFileReference; lastKnownFileType = "wrapper.pb-project"; name = OklasoftNetworking.xcodeproj; path = ../../OklasoftNetworking/OklasoftNetworking.xcodeproj; sourceTree = "<group>"; };
		D0B783F81F1C0C0900A34450 /* OklasoftError.xcodeproj */ = {isa = PBXFileReference; lastKnownFileType = "wrapper.pb-project"; name = OklasoftError.xcodeproj; path = ../../OklasoftError/OklasoftError.xcodeproj; sourceTree = "<group>"; };
/* End PBXFileReference section */

/* Begin PBXGroup section */
		D0B783D91F1C0BB100A34450 = {
			isa = PBXGroup;
			children = (
				D0B783E51F1C0BB100A34450 /* OklasoftCore */,
				D0B783E41F1C0BB100A34450 /* Products */,
			);
			sourceTree = "<group>";
		};
		D0B783E41F1C0BB100A34450 /* Products */ = {
			isa = PBXGroup;
			children = (
			);
			name = Products;
			sourceTree = "<group>";
		};
		D0B783E51F1C0BB100A34450 /* OklasoftCore */ = {
			isa = PBXGroup;
			children = (
				D0B783E61F1C0BB100A34450 /* OklasoftCore.h */,
				D0B783F81F1C0C0900A34450 /* OklasoftError.xcodeproj */,
				D0B783EE1F1C0BF200A34450 /* OklasoftNetworking.xcodeproj */,
				D0B783E71F1C0BB100A34450 /* Info.plist */,
			);
			path = OklasoftCore;
			sourceTree = "<group>";
		};
		D0B783EF1F1C0BF200A34450 /* Products */ = {
			isa = PBXGroup;
			children = (
				D0B783F51F1C0BF200A34450 /* OklasoftNetworking.framework */,
				D0B783F71F1C0BF200A34450 /* OklasoftNetworkingTests.xctest */,
			);
			name = Products;
			sourceTree = "<group>";
		};
		D0B783F91F1C0C0900A34450 /* Products */ = {
			isa = PBXGroup;
			children = (
				D0B783FD1F1C0C0900A34450 /* OklasoftError.framework */,
			);
			name = Products;
			sourceTree = "<group>";
		};
/* End PBXGroup section */

/* Begin PBXProject section */
		D0B783DA1F1C0BB100A34450 /* Project object */ = {
			isa = PBXProject;
			attributes = {
				LastUpgradeCheck = 0900;
				ORGANIZATIONNAME = "Oklasoft LLC";
			};
			buildConfigurationList = D0B783DD1F1C0BB100A34450 /* Build configuration list for PBXProject "OklasoftCore" */;
			compatibilityVersion = "Xcode 8.0";
			developmentRegion = en;
			hasScannedForEncodings = 0;
			knownRegions = (
				en,
			);
			mainGroup = D0B783D91F1C0BB100A34450;
			productRefGroup = D0B783E41F1C0BB100A34450 /* Products */;
			projectDirPath = "";
			projectReferences = (
				{
					ProductGroup = D0B783F91F1C0C0900A34450 /* Products */;
					ProjectRef = D0B783F81F1C0C0900A34450 /* OklasoftError.xcodeproj */;
				},
				{
					ProductGroup = D0B783EF1F1C0BF200A34450 /* Products */;
					ProjectRef = D0B783EE1F1C0BF200A34450 /* OklasoftNetworking.xcodeproj */;
				},
			);
			projectRoot = "";
			targets = (
			);
		};
/* End PBXProject section */

/* Begin PBXReferenceProxy section */
		D0B783F51F1C0BF200A34450 /* OklasoftNetworking.framework */ = {
			isa = PBXReferenceProxy;
			fileType = wrapper.framework;
			path = OklasoftNetworking.framework;
			remoteRef = D0B783F41F1C0BF200A34450 /* PBXContainerItemProxy */;
			sourceTree = BUILT_PRODUCTS_DIR;
		};
		D0B783F71F1C0BF200A34450 /* OklasoftNetworkingTests.xctest */ = {
			isa = PBXReferenceProxy;
			fileType = wrapper.cfbundle;
			path = OklasoftNetworkingTests.xctest;
			remoteRef = D0B783F61F1C0BF200A34450 /* PBXContainerItemProxy */;
			sourceTree = BUILT_PRODUCTS_DIR;
		};
		D0B783FD1F1C0C0900A34450 /* OklasoftError.framework */ = {
			isa = PBXReferenceProxy;
			fileType = wrapper.framework;
			path = OklasoftError.framework;
			remoteRef = D0B783FC1F1C0C0900A34450 /* PBXContainerItemProxy */;
			sourceTree = BUILT_PRODUCTS_DIR;
		};
/* End PBXReferenceProxy section */

/* Begin XCBuildConfiguration section */
		D0B783E91F1C0BB100A34450 /* Debug */ = {
			isa = XCBuildConfiguration;
			buildSettings = {
				ALWAYS_SEARCH_USER_PATHS = NO;
				CLANG_ANALYZER_NONNULL = YES;
				CLANG_ANALYZER_NUMBER_OBJECT_CONVERSION = YES_AGGRESSIVE;
				CLANG_CXX_LANGUAGE_STANDARD = "gnu++14";
				CLANG_CXX_LIBRARY = "libc++";
				CLANG_ENABLE_MODULES = YES;
				CLANG_ENABLE_OBJC_ARC = YES;
				CLANG_WARN_BLOCK_CAPTURE_AUTORELEASING = YES;
				CLANG_WARN_BOOL_CONVERSION = YES;
				CLANG_WARN_COMMA = YES;
				CLANG_WARN_CONSTANT_CONVERSION = YES;
				CLANG_WARN_DIRECT_OBJC_ISA_USAGE = YES_ERROR;
				CLANG_WARN_DOCUMENTATION_COMMENTS = YES;
				CLANG_WARN_EMPTY_BODY = YES;
				CLANG_WARN_ENUM_CONVERSION = YES;
				CLANG_WARN_INFINITE_RECURSION = YES;
				CLANG_WARN_INT_CONVERSION = YES;
				CLANG_WARN_NON_LITERAL_NULL_CONVERSION = YES;
				CLANG_WARN_OBJC_LITERAL_CONVERSION = YES;
				CLANG_WARN_OBJC_ROOT_CLASS = YES_ERROR;
				CLANG_WARN_RANGE_LOOP_ANALYSIS = YES;
				CLANG_WARN_STRICT_PROTOTYPES = YES;
				CLANG_WARN_SUSPICIOUS_MOVE = YES;
				CLANG_WARN_UNGUARDED_AVAILABILITY = YES_AGGRESSIVE;
				CLANG_WARN_UNREACHABLE_CODE = YES;
				CLANG_WARN__DUPLICATE_METHOD_MATCH = YES;
				CODE_SIGN_IDENTITY = "Mac Developer";
				COPY_PHASE_STRIP = NO;
				CURRENT_PROJECT_VERSION = 1;
				DEBUG_INFORMATION_FORMAT = dwarf;
				ENABLE_STRICT_OBJC_MSGSEND = YES;
				ENABLE_TESTABILITY = YES;
				GCC_C_LANGUAGE_STANDARD = gnu11;
				GCC_DYNAMIC_NO_PIC = NO;
				GCC_NO_COMMON_BLOCKS = YES;
				GCC_OPTIMIZATION_LEVEL = 0;
				GCC_PREPROCESSOR_DEFINITIONS = (
					"DEBUG=1",
					"$(inherited)",
				);
				GCC_WARN_64_TO_32_BIT_CONVERSION = YES;
				GCC_WARN_ABOUT_RETURN_TYPE = YES_ERROR;
				GCC_WARN_UNDECLARED_SELECTOR = YES;
				GCC_WARN_UNINITIALIZED_AUTOS = YES_AGGRESSIVE;
				GCC_WARN_UNUSED_FUNCTION = YES;
				GCC_WARN_UNUSED_VARIABLE = YES;
				MACOSX_DEPLOYMENT_TARGET = 10.13;
				MTL_ENABLE_DEBUG_INFO = YES;
				ONLY_ACTIVE_ARCH = YES;
				SDKROOT = macosx;
				SWIFT_ACTIVE_COMPILATION_CONDITIONS = DEBUG;
				SWIFT_OPTIMIZATION_LEVEL = "-Onone";
				VERSIONING_SYSTEM = "apple-generic";
				VERSION_INFO_PREFIX = "";
			};
			name = Debug;
		};
		D0B783EA1F1C0BB100A34450 /* Release */ = {
			isa = XCBuildConfiguration;
			buildSettings = {
				ALWAYS_SEARCH_USER_PATHS = NO;
				CLANG_ANALYZER_NONNULL = YES;
				CLANG_ANALYZER_NUMBER_OBJECT_CONVERSION = YES_AGGRESSIVE;
				CLANG_CXX_LANGUAGE_STANDARD = "gnu++14";
				CLANG_CXX_LIBRARY = "libc++";
				CLANG_ENABLE_MODULES = YES;
				CLANG_ENABLE_OBJC_ARC = YES;
				CLANG_WARN_BLOCK_CAPTURE_AUTORELEASING = YES;
				CLANG_WARN_BOOL_CONVERSION = YES;
				CLANG_WARN_COMMA = YES;
				CLANG_WARN_CONSTANT_CONVERSION = YES;
				CLANG_WARN_DIRECT_OBJC_ISA_USAGE = YES_ERROR;
				CLANG_WARN_DOCUMENTATION_COMMENTS = YES;
				CLANG_WARN_EMPTY_BODY = YES;
				CLANG_WARN_ENUM_CONVERSION = YES;
				CLANG_WARN_INFINITE_RECURSION = YES;
				CLANG_WARN_INT_CONVERSION = YES;
				CLANG_WARN_NON_LITERAL_NULL_CONVERSION = YES;
				CLANG_WARN_OBJC_LITERAL_CONVERSION = YES;
				CLANG_WARN_OBJC_ROOT_CLASS = YES_ERROR;
				CLANG_WARN_RANGE_LOOP_ANALYSIS = YES;
				CLANG_WARN_STRICT_PROTOTYPES = YES;
				CLANG_WARN_SUSPICIOUS_MOVE = YES;
				CLANG_WARN_UNGUARDED_AVAILABILITY = YES_AGGRESSIVE;
				CLANG_WARN_UNREACHABLE_CODE = YES;
				CLANG_WARN__DUPLICATE_METHOD_MATCH = YES;
				CODE_SIGN_IDENTITY = "Mac Developer";
				COPY_PHASE_STRIP = NO;
				CURRENT_PROJECT_VERSION = 1;
				DEBUG_INFORMATION_FORMAT = "dwarf-with-dsym";
				ENABLE_NS_ASSERTIONS = NO;
				ENABLE_STRICT_OBJC_MSGSEND = YES;
				GCC_C_LANGUAGE_STANDARD = gnu11;
				GCC_NO_COMMON_BLOCKS = YES;
				GCC_WARN_64_TO_32_BIT_CONVERSION = YES;
				GCC_WARN_ABOUT_RETURN_TYPE = YES_ERROR;
				GCC_WARN_UNDECLARED_SELECTOR = YES;
				GCC_WARN_UNINITIALIZED_AUTOS = YES_AGGRESSIVE;
				GCC_WARN_UNUSED_FUNCTION = YES;
				GCC_WARN_UNUSED_VARIABLE = YES;
				MACOSX_DEPLOYMENT_TARGET = 10.13;
				MTL_ENABLE_DEBUG_INFO = NO;
				SDKROOT = macosx;
				SWIFT_OPTIMIZATION_LEVEL = "-Owholemodule";
				VERSIONING_SYSTEM = "apple-generic";
				VERSION_INFO_PREFIX = "";
			};
			name = Release;
		};
/* End XCBuildConfiguration section */

/* Begin XCConfigurationList section */
		D0B783DD1F1C0BB100A34450 /* Build configuration list for PBXProject "OklasoftCore" */ = {
			isa = XCConfigurationList;
			buildConfigurations = (
				D0B783E91F1C0BB100A34450 /* Debug */,
				D0B783EA1F1C0BB100A34450 /* Release */,
			);
			defaultConfigurationIsVisible = 0;
			defaultConfigurationName = Release;
		};
/* End XCConfigurationList section */
	};
	rootObject = D0B783DA1F1C0BB100A34450 /* Project object */;
}
